
Microsoft Visual Studio Solution File, Format Version 12.00
# Visual Studio 15
VisualStudioVersion = 15.0.27130.2026
MinimumVisualStudioVersion = 10.0.40219.1
Project("{9A19103F-16F7-4668-BE54-9A1E7A4F7556}") = "00.Lab_Persons", "00.Lab_Persons\00.Lab_Persons.csproj", "{BB303512-9B55-4E33-91A8-B5287936CEF9}"
EndProject
Project("{9A19103F-16F7-4668-BE54-9A1E7A4F7556}") = "01.ClassBox", "01.ClassBox\01.ClassBox.csproj", "{C70B15B9-C78A-46A3-8E6E-78AD6926299F}"
EndProject
Project("{9A19103F-16F7-4668-BE54-9A1E7A4F7556}") = "03.AnimalFarm", "03.AnimalFarm\03.AnimalFarm.csproj", "{524164B8-6786-4210-A285-6D6524EAE45D}"
EndProject
Project("{FAE04EC0-301F-11D3-BF4B-00C04F79EFBC}") = "04.ShoppingSpree", "04.ShoppingSpree\04.ShoppingSpree.csproj", "{B1EBE41D-929D-4A2E-8266-7C70B25C45B8}"
EndProject
Project("{FAE04EC0-301F-11D3-BF4B-00C04F79EFBC}") = "05.PizzaCalories", "05.PizzaCalories\05.PizzaCalories.csproj", "{37462188-5CDA-4BA3-A727-B825B9D2CA44}"
EndProject
Project("{FAE04EC0-301F-11D3-BF4B-00C04F79EFBC}") = "06.FootballTeamGenerator", "06.FootballTeamGenerator\06.FootballTeamGenerator.csproj", "{0D769531-C602-4995-9921-16F3AF4B82A6}"
EndProject
Global
	GlobalSection(SolutionConfigurationPlatforms) = preSolution
		Debug|Any CPU = Debug|Any CPU
		Release|Any CPU = Release|Any CPU
	EndGlobalSection
	GlobalSection(ProjectConfigurationPlatforms) = postSolution
		{BB303512-9B55-4E33-91A8-B5287936CEF9}.Debug|Any CPU.ActiveCfg = Debug|Any CPU
		{BB303512-9B55-4E33-91A8-B5287936CEF9}.Debug|Any CPU.Build.0 = Debug|Any CPU
		{BB303512-9B55-4E33-91A8-B5287936CEF9}.Release|Any CPU.ActiveCfg = Release|Any CPU
		{BB303512-9B55-4E33-91A8-B5287936CEF9}.Release|Any CPU.Build.0 = Release|Any CPU
		{C70B15B9-C78A-46A3-8E6E-78AD6926299F}.Debug|Any CPU.ActiveCfg = Debug|Any CPU
		{C70B15B9-C78A-46A3-8E6E-78AD6926299F}.Debug|Any CPU.Build.0 = Debug|Any CPU
		{C70B15B9-C78A-46A3-8E6E-78AD6926299F}.Release|Any CPU.ActiveCfg = Release|Any CPU
		{C70B15B9-C78A-46A3-8E6E-78AD6926299F}.Release|Any CPU.Build.0 = Release|Any CPU
		{524164B8-6786-4210-A285-6D6524EAE45D}.Debug|Any CPU.ActiveCfg = Debug|Any CPU
		{524164B8-6786-4210-A285-6D6524EAE45D}.Debug|Any CPU.Build.0 = Debug|Any CPU
		{524164B8-6786-4210-A285-6D6524EAE45D}.Release|Any CPU.ActiveCfg = Release|Any CPU
		{524164B8-6786-4210-A285-6D6524EAE45D}.Release|Any CPU.Build.0 = Release|Any CPU
		{B1EBE41D-929D-4A2E-8266-7C70B25C45B8}.Debug|Any CPU.ActiveCfg = Debug|Any CPU
		{B1EBE41D-929D-4A2E-8266-7C70B25C45B8}.Debug|Any CPU.Build.0 = Debug|Any CPU
		{B1EBE41D-929D-4A2E-8266-7C70B25C45B8}.Release|Any CPU.ActiveCfg = Release|Any CPU
		{B1EBE41D-929D-4A2E-8266-7C70B25C45B8}.Release|Any CPU.Build.0 = Release|Any CPU
		{37462188-5CDA-4BA3-A727-B825B9D2CA44}.Debug|Any CPU.ActiveCfg = Debug|Any CPU
		{37462188-5CDA-4BA3-A727-B825B9D2CA44}.Debug|Any CPU.Build.0 = Debug|Any CPU
		{37462188-5CDA-4BA3-A727-B825B9D2CA44}.Release|Any CPU.ActiveCfg = Release|Any CPU
		{37462188-5CDA-4BA3-A727-B825B9D2CA44}.Release|Any CPU.Build.0 = Release|Any CPU
		{0D769531-C602-4995-9921-16F3AF4B82A6}.Debug|Any CPU.ActiveCfg = Debug|Any CPU
		{0D769531-C602-4995-9921-16F3AF4B82A6}.Debug|Any CPU.Build.0 = Debug|Any CPU
		{0D769531-C602-4995-9921-16F3AF4B82A6}.Release|Any CPU.ActiveCfg = Release|Any CPU
		{0D769531-C602-4995-9921-16F3AF4B82A6}.Release|Any CPU.Build.0 = Release|Any CPU
	EndGlobalSection
	GlobalSection(SolutionProperties) = preSolution
		HideSolutionNode = FALSE
	EndGlobalSection
	GlobalSection(ExtensibilityGlobals) = postSolution
		SolutionGuid = {FADA8730-FBD2-4296-B7AC-A2E143F609E8}
	EndGlobalSection
EndGlobal
