
Microsoft Visual Studio Solution File, Format Version 12.00
# Visual Studio 15
VisualStudioVersion = 15.0.27130.2036
MinimumVisualStudioVersion = 10.0.40219.1
Project("{9A19103F-16F7-4668-BE54-9A1E7A4F7556}") = "Forum.App", "Forum.App\Forum.App.csproj", "{E9102D46-1742-4ECA-B31F-E99D249A6E5E}"
EndProject
Project("{FAE04EC0-301F-11D3-BF4B-00C04F79EFBC}") = "Forum.Models", "Forum.Models\Forum.Models.csproj", "{518A7EE7-9BBE-4D87-A780-DEC6F3F490E8}"
EndProject
Project("{FAE04EC0-301F-11D3-BF4B-00C04F79EFBC}") = "Forum.Data", "Forum.Data\Forum.Data.csproj", "{7F793D02-0FF0-4A9D-A176-CDCD0D366CE6}"
EndProject
Global
	GlobalSection(SolutionConfigurationPlatforms) = preSolution
		Debug|Any CPU = Debug|Any CPU
		Release|Any CPU = Release|Any CPU
	EndGlobalSection
	GlobalSection(ProjectConfigurationPlatforms) = postSolution
		{E9102D46-1742-4ECA-B31F-E99D249A6E5E}.Debug|Any CPU.ActiveCfg = Debug|Any CPU
		{E9102D46-1742-4ECA-B31F-E99D249A6E5E}.Debug|Any CPU.Build.0 = Debug|Any CPU
		{E9102D46-1742-4ECA-B31F-E99D249A6E5E}.Release|Any CPU.ActiveCfg = Release|Any CPU
		{E9102D46-1742-4ECA-B31F-E99D249A6E5E}.Release|Any CPU.Build.0 = Release|Any CPU
		{518A7EE7-9BBE-4D87-A780-DEC6F3F490E8}.Debug|Any CPU.ActiveCfg = Debug|Any CPU
		{518A7EE7-9BBE-4D87-A780-DEC6F3F490E8}.Debug|Any CPU.Build.0 = Debug|Any CPU
		{518A7EE7-9BBE-4D87-A780-DEC6F3F490E8}.Release|Any CPU.ActiveCfg = Release|Any CPU
		{518A7EE7-9BBE-4D87-A780-DEC6F3F490E8}.Release|Any CPU.Build.0 = Release|Any CPU
		{7F793D02-0FF0-4A9D-A176-CDCD0D366CE6}.Debug|Any CPU.ActiveCfg = Debug|Any CPU
		{7F793D02-0FF0-4A9D-A176-CDCD0D366CE6}.Debug|Any CPU.Build.0 = Debug|Any CPU
		{7F793D02-0FF0-4A9D-A176-CDCD0D366CE6}.Release|Any CPU.ActiveCfg = Release|Any CPU
		{7F793D02-0FF0-4A9D-A176-CDCD0D366CE6}.Release|Any CPU.Build.0 = Release|Any CPU
	EndGlobalSection
	GlobalSection(SolutionProperties) = preSolution
		HideSolutionNode = FALSE
	EndGlobalSection
	GlobalSection(ExtensibilityGlobals) = postSolution
		SolutionGuid = {94D921FB-6A1E-4A1F-9865-4739198F1C77}
	EndGlobalSection
EndGlobal
